
Microsoft Visual Studio Solution File, Format Version 12.00
# Visual Studio 15
VisualStudioVersion = 15.0.28010.2046
MinimumVisualStudioVersion = 10.0.40219.1
Project("{8BC9CEB8-8B4A-11D0-8D11-00A0C91BC942}") = "sortComp", "ConsoleApplication2\ConsoleApplication2.vcxproj", "{0A9A3F3C-9776-46E8-BD09-96581BCDB8C2}"
EndProject
Project("{8BC9CEB8-8B4A-11D0-8D11-00A0C91BC942}") = "VirtualTry1", "VirtualTry1\VirtualTry1.vcxproj", "{D6FB83AA-46FB-4805-827C-F959CAC0508F}"
EndProject
Project("{8BC9CEB8-8B4A-11D0-8D11-00A0C91BC942}") = "VectorTry513", "VectorTry513\VectorTry513.vcxproj", "{F122F4DB-5A69-4F6A-A39C-9643B2F722E9}"
EndProject
Project("{8BC9CEB8-8B4A-11D0-8D11-00A0C91BC942}") = "VectorTry514", "VectorTry514\VectorTry514.vcxproj", "{405136F7-8B4F-40FB-B4CA-3F829A1C5543}"
EndProject
Global
	GlobalSection(SolutionConfigurationPlatforms) = preSolution
		Debug|x64 = Debug|x64
		Debug|x86 = Debug|x86
		Release|x64 = Release|x64
		Release|x86 = Release|x86
	EndGlobalSection
	GlobalSection(ProjectConfigurationPlatforms) = postSolution
		{0A9A3F3C-9776-46E8-BD09-96581BCDB8C2}.Debug|x64.ActiveCfg = Debug|x64
		{0A9A3F3C-9776-46E8-BD09-96581BCDB8C2}.Debug|x64.Build.0 = Debug|x64
		{0A9A3F3C-9776-46E8-BD09-96581BCDB8C2}.Debug|x86.ActiveCfg = Debug|Win32
		{0A9A3F3C-9776-46E8-BD09-96581BCDB8C2}.Debug|x86.Build.0 = Debug|Win32
		{0A9A3F3C-9776-46E8-BD09-96581BCDB8C2}.Release|x64.ActiveCfg = Release|x64
		{0A9A3F3C-9776-46E8-BD09-96581BCDB8C2}.Release|x64.Build.0 = Release|x64
		{0A9A3F3C-9776-46E8-BD09-96581BCDB8C2}.Release|x86.ActiveCfg = Release|Win32
		{0A9A3F3C-9776-46E8-BD09-96581BCDB8C2}.Release|x86.Build.0 = Release|Win32
		{D6FB83AA-46FB-4805-827C-F959CAC0508F}.Debug|x64.ActiveCfg = Debug|x64
		{D6FB83AA-46FB-4805-827C-F959CAC0508F}.Debug|x64.Build.0 = Debug|x64
		{D6FB83AA-46FB-4805-827C-F959CAC0508F}.Debug|x86.ActiveCfg = Debug|Win32
		{D6FB83AA-46FB-4805-827C-F959CAC0508F}.Debug|x86.Build.0 = Debug|Win32
		{D6FB83AA-46FB-4805-827C-F959CAC0508F}.Release|x64.ActiveCfg = Release|x64
		{D6FB83AA-46FB-4805-827C-F959CAC0508F}.Release|x64.Build.0 = Release|x64
		{D6FB83AA-46FB-4805-827C-F959CAC0508F}.Release|x86.ActiveCfg = Release|Win32
		{D6FB83AA-46FB-4805-827C-F959CAC0508F}.Release|x86.Build.0 = Release|Win32
		{F122F4DB-5A69-4F6A-A39C-9643B2F722E9}.Debug|x64.ActiveCfg = Debug|x64
		{F122F4DB-5A69-4F6A-A39C-9643B2F722E9}.Debug|x64.Build.0 = Debug|x64
		{F122F4DB-5A69-4F6A-A39C-9643B2F722E9}.Debug|x86.ActiveCfg = Debug|Win32
		{F122F4DB-5A69-4F6A-A39C-9643B2F722E9}.Debug|x86.Build.0 = Debug|Win32
		{F122F4DB-5A69-4F6A-A39C-9643B2F722E9}.Release|x64.ActiveCfg = Release|x64
		{F122F4DB-5A69-4F6A-A39C-9643B2F722E9}.Release|x64.Build.0 = Release|x64
		{F122F4DB-5A69-4F6A-A39C-9643B2F722E9}.Release|x86.ActiveCfg = Release|Win32
		{F122F4DB-5A69-4F6A-A39C-9643B2F722E9}.Release|x86.Build.0 = Release|Win32
		{405136F7-8B4F-40FB-B4CA-3F829A1C5543}.Debug|x64.ActiveCfg = Debug|x64
		{405136F7-8B4F-40FB-B4CA-3F829A1C5543}.Debug|x64.Build.0 = Debug|x64
		{405136F7-8B4F-40FB-B4CA-3F829A1C5543}.Debug|x86.ActiveCfg = Debug|Win32
		{405136F7-8B4F-40FB-B4CA-3F829A1C5543}.Debug|x86.Build.0 = Debug|Win32
		{405136F7-8B4F-40FB-B4CA-3F829A1C5543}.Release|x64.ActiveCfg = Release|x64
		{405136F7-8B4F-40FB-B4CA-3F829A1C5543}.Release|x64.Build.0 = Release|x64
		{405136F7-8B4F-40FB-B4CA-3F829A1C5543}.Release|x86.ActiveCfg = Release|Win32
		{405136F7-8B4F-40FB-B4CA-3F829A1C5543}.Release|x86.Build.0 = Release|Win32
	EndGlobalSection
	GlobalSection(SolutionProperties) = preSolution
		HideSolutionNode = FALSE
	EndGlobalSection
	GlobalSection(ExtensibilityGlobals) = postSolution
		SolutionGuid = {30D08DCC-0F88-4A6F-BD37-A5020DEB661E}
	EndGlobalSection
EndGlobal
